
Microsoft Visual Studio Solution File, Format Version 12.00
# Visual Studio Version 17
VisualStudioVersion = 17.3.32825.248
MinimumVisualStudioVersion = 10.0.40219.1
Project("{FAE04EC0-301F-11D3-BF4B-00C04F79EFBC}") = "typing test", "typing test\typing test.csproj", "{253B6163-1F19-4828-BA00-1FDAFE9D26E6}"
EndProject
Global
	GlobalSection(SolutionConfigurationPlatforms) = preSolution
		Debug|Any CPU = Debug|Any CPU
		Release|Any CPU = Release|Any CPU
	EndGlobalSection
	GlobalSection(ProjectConfigurationPlatforms) = postSolution
		{253B6163-1F19-4828-BA00-1FDAFE9D26E6}.Debug|Any CPU.ActiveCfg = Debug|Any CPU
		{253B6163-1F19-4828-BA00-1FDAFE9D26E6}.Debug|Any CPU.Build.0 = Debug|Any CPU
		{253B6163-1F19-4828-BA00-1FDAFE9D26E6}.Release|Any CPU.ActiveCfg = Release|Any CPU
		{253B6163-1F19-4828-BA00-1FDAFE9D26E6}.Release|Any CPU.Build.0 = Release|Any CPU
	EndGlobalSection
	GlobalSection(SolutionProperties) = preSolution
		HideSolutionNode = FALSE
	EndGlobalSection
	GlobalSection(ExtensibilityGlobals) = postSolution
		SolutionGuid = {3D4CF922-AA27-442E-AC85-A14008CD3F62}
	EndGlobalSection
EndGlobal
